// !$*UTF8*$!
{
	archiveVersion = 1;
	classes = {
	};
	objectVersion = 46;
	objects = {

/* Begin PBXBuildFile section */
		FABAFD5B1CA8EE7800BC9E3D /* main.swift in Sources */ = {isa = PBXBuildFile; fileRef = FABAFD5A1CA8EE7800BC9E3D /* main.swift */; };
		FABAFD7A1CA8F07D00BC9E3D /* ORSSerial.framework in Frameworks */ = {isa = PBXBuildFile; fileRef = FABAFD771CA8F06900BC9E3D /* ORSSerial.framework */; };
		FAC186161CAC455200C48123 /* KeyboardEmulator.m in Sources */ = {isa = PBXBuildFile; fileRef = FAC186151CAC455200C48123 /* KeyboardEmulator.m */; };
/* End PBXBuildFile section */

/* Begin PBXContainerItemProxy section */
		FABAFD761CA8F06900BC9E3D /* PBXContainerItemProxy */ = {
			isa = PBXContainerItemProxy;
			containerPortal = FABAFD711CA8F06900BC9E3D /* ORSSerialPort.xcodeproj */;
			proxyType = 2;
			remoteGlobalIDString = 9DCA89121A2BB106009285EB;
			remoteInfo = ORSSerial;
		};
		FABAFD781CA8F06900BC9E3D /* PBXContainerItemProxy */ = {
			isa = PBXContainerItemProxy;
			containerPortal = FABAFD711CA8F06900BC9E3D /* ORSSerialPort.xcodeproj */;
			proxyType = 2;
			remoteGlobalIDString = 9D7472131B6D7767002D8B10;
			remoteInfo = "ORSSerialPort Tests";
		};
/* End PBXContainerItemProxy section */

/* Begin PBXCopyFilesBuildPhase section */
		FABAFD551CA8EE7800BC9E3D /* CopyFiles */ = {
			isa = PBXCopyFilesBuildPhase;
			buildActionMask = 2147483647;
			dstPath = /usr/share/man/man1/;
			dstSubfolderSpec = 0;
			files = (
			);
			runOnlyForDeploymentPostprocessing = 1;
		};
/* End PBXCopyFilesBuildPhase section */

/* Begin PBXFileReference section */
		FABAFD571CA8EE7800BC9E3D /* controlComputer */ = {isa = PBXFileReference; explicitFileType = "compiled.mach-o.executable"; includeInIndex = 0; path = controlComputer; sourceTree = BUILT_PRODUCTS_DIR; };
		FABAFD5A1CA8EE7800BC9E3D /* main.swift */ = {isa = PBXFileReference; lastKnownFileType = sourcecode.swift; path = main.swift; sourceTree = "<group>"; };
		FABAFD631CA8EF4000BC9E3D /* SwiftSerial-Bridging-Header.h */ = {isa = PBXFileReference; fileEncoding = 4; lastKnownFileType = sourcecode.c.h; path = "SwiftSerial-Bridging-Header.h"; sourceTree = "<group>"; };
		FABAFD711CA8F06900BC9E3D /* ORSSerialPort.xcodeproj */ = {isa = PBXFileReference; lastKnownFileType = "wrapper.pb-project"; name = ORSSerialPort.xcodeproj; path = "Frameworks/ORSSerialPort/Framework Project/ORSSerialPort.xcodeproj"; sourceTree = "<group>"; };
		FAC186111CAC44C800C48123 /* KeyboardEmulator.h */ = {isa = PBXFileReference; fileEncoding = 4; lastKnownFileType = sourcecode.c.h; path = KeyboardEmulator.h; sourceTree = "<group>"; };
		FAC186141CAC455100C48123 /* controlComputer-Bridging-Header.h */ = {isa = PBXFileReference; lastKnownFileType = sourcecode.c.h; path = "controlComputer-Bridging-Header.h"; sourceTree = "<group>"; };
		FAC186151CAC455200C48123 /* KeyboardEmulator.m */ = {isa = PBXFileReference; fileEncoding = 4; lastKnownFileType = sourcecode.c.objc; path = KeyboardEmulator.m; sourceTree = "<group>"; };
/* End PBXFileReference section */

/* Begin PBXFrameworksBuildPhase section */
		FABAFD541CA8EE7800BC9E3D /* Frameworks */ = {
			isa = PBXFrameworksBuildPhase;
			buildActionMask = 2147483647;
			files = (
				FABAFD7A1CA8F07D00BC9E3D /* ORSSerial.framework in Frameworks */,
			);
			runOnlyForDeploymentPostprocessing = 0;
		};
/* End PBXFrameworksBuildPhase section */

/* Begin PBXGroup section */
		FABAFD4E1CA8EE7800BC9E3D = {
			isa = PBXGroup;
			children = (
				FABAFD711CA8F06900BC9E3D /* ORSSerialPort.xcodeproj */,
				FABAFD591CA8EE7800BC9E3D /* controlComputer */,
				FABAFD581CA8EE7800BC9E3D /* Products */,
			);
			sourceTree = "<group>";
		};
		FABAFD581CA8EE7800BC9E3D /* Products */ = {
			isa = PBXGroup;
			children = (
				FABAFD571CA8EE7800BC9E3D /* controlComputer */,
			);
			name = Products;
			sourceTree = "<group>";
		};
		FABAFD591CA8EE7800BC9E3D /* controlComputer */ = {
			isa = PBXGroup;
			children = (
				FABAFD5A1CA8EE7800BC9E3D /* main.swift */,
				FABAFD631CA8EF4000BC9E3D /* SwiftSerial-Bridging-Header.h */,
				FAC186111CAC44C800C48123 /* KeyboardEmulator.h */,
				FAC186151CAC455200C48123 /* KeyboardEmulator.m */,
				FAC186141CAC455100C48123 /* controlComputer-Bridging-Header.h */,
			);
			path = controlComputer;
			sourceTree = "<group>";
		};
		FABAFD721CA8F06900BC9E3D /* Products */ = {
			isa = PBXGroup;
			children = (
				FABAFD771CA8F06900BC9E3D /* ORSSerial.framework */,
				FABAFD791CA8F06900BC9E3D /* ORSSerialPort Tests.xctest */,
			);
			name = Products;
			sourceTree = "<group>";
		};
/* End PBXGroup section */

/* Begin PBXNativeTarget section */
		FABAFD561CA8EE7800BC9E3D /* controlComputer */ = {
			isa = PBXNativeTarget;
			buildConfigurationList = FABAFD5E1CA8EE7800BC9E3D /* Build configuration list for PBXNativeTarget "controlComputer" */;
			buildPhases = (
				FABAFD531CA8EE7800BC9E3D /* Sources */,
				FABAFD541CA8EE7800BC9E3D /* Frameworks */,
				FABAFD551CA8EE7800BC9E3D /* CopyFiles */,
			);
			buildRules = (
			);
			dependencies = (
			);
			name = controlComputer;
			productName = controlComputer;
			productReference = FABAFD571CA8EE7800BC9E3D /* controlComputer */;
			productType = "com.apple.product-type.tool";
		};
/* End PBXNativeTarget section */

/* Begin PBXProject section */
		FABAFD4F1CA8EE7800BC9E3D /* Project object */ = {
			isa = PBXProject;
			attributes = {
				LastSwiftUpdateCheck = 0730;
				LastUpgradeCheck = 0730;
				ORGANIZATIONNAME = "Adam Li";
				TargetAttributes = {
					FABAFD561CA8EE7800BC9E3D = {
						CreatedOnToolsVersion = 7.3;
					};
				};
			};
			buildConfigurationList = FABAFD521CA8EE7800BC9E3D /* Build configuration list for PBXProject "controlComputer" */;
			compatibilityVersion = "Xcode 3.2";
			developmentRegion = English;
			hasScannedForEncodings = 0;
			knownRegions = (
				en,
			);
			mainGroup = FABAFD4E1CA8EE7800BC9E3D;
			productRefGroup = FABAFD581CA8EE7800BC9E3D /* Products */;
			projectDirPath = "";
			projectReferences = (
				{
					ProductGroup = FABAFD721CA8F06900BC9E3D /* Products */;
					ProjectRef = FABAFD711CA8F06900BC9E3D /* ORSSerialPort.xcodeproj */;
				},
			);
			projectRoot = "";
			targets = (
				FABAFD561CA8EE7800BC9E3D /* controlComputer */,
			);
		};
/* End PBXProject section */

/* Begin PBXReferenceProxy section */
		FABAFD771CA8F06900BC9E3D /* ORSSerial.framework */ = {
			isa = PBXReferenceProxy;
			fileType = wrapper.framework;
			path = ORSSerial.framework;
			remoteRef = FABAFD761CA8F06900BC9E3D /* PBXContainerItemProxy */;
			sourceTree = BUILT_PRODUCTS_DIR;
		};
		FABAFD791CA8F06900BC9E3D /* ORSSerialPort Tests.xctest */ = {
			isa = PBXReferenceProxy;
			fileType = wrapper.cfbundle;
			path = "ORSSerialPort Tests.xctest";
			remoteRef = FABAFD781CA8F06900BC9E3D /* PBXContainerItemProxy */;
			sourceTree = BUILT_PRODUCTS_DIR;
		};
/* End PBXReferenceProxy section */

/* Begin PBXSourcesBuildPhase section */
		FABAFD531CA8EE7800BC9E3D /* Sources */ = {
			isa = PBXSourcesBuildPhase;
			buildActionMask = 2147483647;
			files = (
				FABAFD5B1CA8EE7800BC9E3D /* main.swift in Sources */,
				FAC186161CAC455200C48123 /* KeyboardEmulator.m in Sources */,
			);
			runOnlyForDeploymentPostprocessing = 0;
		};
/* End PBXSourcesBuildPhase section */

/* Begin XCBuildConfiguration section */
		FABAFD5C1CA8EE7800BC9E3D /* Debug */ = {
			isa = XCBuildConfiguration;
			buildSettings = {
				ALWAYS_SEARCH_USER_PATHS = NO;
				CLANG_ANALYZER_NONNULL = YES;
				CLANG_CXX_LANGUAGE_STANDARD = "gnu++0x";
				CLANG_CXX_LIBRARY = "libc++";
				CLANG_ENABLE_MODULES = YES;
				CLANG_ENABLE_OBJC_ARC = YES;
				CLANG_WARN_BOOL_CONVERSION = YES;
				CLANG_WARN_CONSTANT_CONVERSION = YES;
				CLANG_WARN_DIRECT_OBJC_ISA_USAGE = YES_ERROR;
				CLANG_WARN_EMPTY_BODY = YES;
				CLANG_WARN_ENUM_CONVERSION = YES;
				CLANG_WARN_INT_CONVERSION = YES;
				CLANG_WARN_OBJC_ROOT_CLASS = YES_ERROR;
				CLANG_WARN_UNREACHABLE_CODE = YES;
				CLANG_WARN__DUPLICATE_METHOD_MATCH = YES;
				CODE_SIGN_IDENTITY = "-";
				COPY_PHASE_STRIP = NO;
				DEBUG_INFORMATION_FORMAT = dwarf;
				ENABLE_STRICT_OBJC_MSGSEND = YES;
				ENABLE_TESTABILITY = YES;
				GCC_C_LANGUAGE_STANDARD = gnu99;
				GCC_DYNAMIC_NO_PIC = NO;
				GCC_NO_COMMON_BLOCKS = YES;
				GCC_OPTIMIZATION_LEVEL = 0;
				GCC_PREPROCESSOR_DEFINITIONS = (
					"DEBUG=1",
					"$(inherited)",
				);
				GCC_WARN_64_TO_32_BIT_CONVERSION = YES;
				GCC_WARN_ABOUT_RETURN_TYPE = YES_ERROR;
				GCC_WARN_UNDECLARED_SELECTOR = YES;
				GCC_WARN_UNINITIALIZED_AUTOS = YES_AGGRESSIVE;
				GCC_WARN_UNUSED_FUNCTION = YES;
				GCC_WARN_UNUSED_VARIABLE = YES;
				MACOSX_DEPLOYMENT_TARGET = 10.11;
				MTL_ENABLE_DEBUG_INFO = YES;
				ONLY_ACTIVE_ARCH = YES;
				SDKROOT = macosx;
				SWIFT_OPTIMIZATION_LEVEL = "-Onone";
			};
			name = Debug;
		};
		FABAFD5D1CA8EE7800BC9E3D /* Release */ = {
			isa = XCBuildConfiguration;
			buildSettings = {
				ALWAYS_SEARCH_USER_PATHS = NO;
				CLANG_ANALYZER_NONNULL = YES;
				CLANG_CXX_LANGUAGE_STANDARD = "gnu++0x";
				CLANG_CXX_LIBRARY = "libc++";
				CLANG_ENABLE_MODULES = YES;
				CLANG_ENABLE_OBJC_ARC = YES;
				CLANG_WARN_BOOL_CONVERSION = YES;
				CLANG_WARN_CONSTANT_CONVERSION = YES;
				CLANG_WARN_DIRECT_OBJC_ISA_USAGE = YES_ERROR;
				CLANG_WARN_EMPTY_BODY = YES;
				CLANG_WARN_ENUM_CONVERSION = YES;
				CLANG_WARN_INT_CONVERSION = YES;
				CLANG_WARN_OBJC_ROOT_CLASS = YES_ERROR;
				CLANG_WARN_UNREACHABLE_CODE = YES;
				CLANG_WARN__DUPLICATE_METHOD_MATCH = YES;
				CODE_SIGN_IDENTITY = "-";
				COPY_PHASE_STRIP = NO;
				DEBUG_INFORMATION_FORMAT = "dwarf-with-dsym";
				ENABLE_NS_ASSERTIONS = NO;
				ENABLE_STRICT_OBJC_MSGSEND = YES;
				GCC_C_LANGUAGE_STANDARD = gnu99;
				GCC_NO_COMMON_BLOCKS = YES;
				GCC_WARN_64_TO_32_BIT_CONVERSION = YES;
				GCC_WARN_ABOUT_RETURN_TYPE = YES_ERROR;
				GCC_WARN_UNDECLARED_SELECTOR = YES;
				GCC_WARN_UNINITIALIZED_AUTOS = YES_AGGRESSIVE;
				GCC_WARN_UNUSED_FUNCTION = YES;
				GCC_WARN_UNUSED_VARIABLE = YES;
				MACOSX_DEPLOYMENT_TARGET = 10.11;
				MTL_ENABLE_DEBUG_INFO = NO;
				SDKROOT = macosx;
			};
			name = Release;
		};
		FABAFD5F1CA8EE7800BC9E3D /* Debug */ = {
			isa = XCBuildConfiguration;
			buildSettings = {
				CLANG_ENABLE_MODULES = YES;
				LD_RUNPATH_SEARCH_PATHS = "$(inherited) @executable_path/../Frameworks @loader_path/../Frameworks";
				PRODUCT_NAME = "$(TARGET_NAME)";
				SWIFT_OBJC_BRIDGING_HEADER = "controlComputer/controlComputer-Bridging-Header.h";
				SWIFT_OPTIMIZATION_LEVEL = "-Onone";
			};
			name = Debug;
		};
		FABAFD601CA8EE7800BC9E3D /* Release */ = {
			isa = XCBuildConfiguration;
			buildSettings = {
				CLANG_ENABLE_MODULES = YES;
				LD_RUNPATH_SEARCH_PATHS = "$(inherited) @executable_path/../Frameworks @loader_path/../Frameworks";
				PRODUCT_NAME = "$(TARGET_NAME)";
				SWIFT_OBJC_BRIDGING_HEADER = "controlComputer/controlComputer-Bridging-Header.h";
			};
			name = Release;
		};
/* End XCBuildConfiguration section */

/* Begin XCConfigurationList section */
		FABAFD521CA8EE7800BC9E3D /* Build configuration list for PBXProject "controlComputer" */ = {
			isa = XCConfigurationList;
			buildConfigurations = (
				FABAFD5C1CA8EE7800BC9E3D /* Debug */,
				FABAFD5D1CA8EE7800BC9E3D /* Release */,
			);
			defaultConfigurationIsVisible = 0;
			defaultConfigurationName = Release;
		};
		FABAFD5E1CA8EE7800BC9E3D /* Build configuration list for PBXNativeTarget "controlComputer" */ = {
			isa = XCConfigurationList;
			buildConfigurations = (
				FABAFD5F1CA8EE7800BC9E3D /* Debug */,
				FABAFD601CA8EE7800BC9E3D /* Release */,
			);
			defaultConfigurationIsVisible = 0;
			defaultConfigurationName = Release;
		};
/* End XCConfigurationList section */
	};
	rootObject = FABAFD4F1CA8EE7800BC9E3D /* Project object */;
}
